// !$*UTF8*$!
{
	archiveVersion = 1;
	classes = {
	};
	objectVersion = 50;
	objects = {

/* Begin PBXBuildFile section */
		9397BAB01A0E88D61DA8546F /* libPods-UIKit-ChartsAndGraphs.a in Frameworks */ = {isa = PBXBuildFile; fileRef = E8CDDC93151A8E892F58A8E8 /* libPods-UIKit-ChartsAndGraphs.a */; };
		ECB8C8D126B54526004F7C89 /* AppDelegate.swift in Sources */ = {isa = PBXBuildFile; fileRef = ECB8C8D026B54526004F7C89 /* AppDelegate.swift */; };
		ECB8C8D326B54526004F7C89 /* SceneDelegate.swift in Sources */ = {isa = PBXBuildFile; fileRef = ECB8C8D226B54526004F7C89 /* SceneDelegate.swift */; };
		ECB8C8D526B54526004F7C89 /* ViewController.swift in Sources */ = {isa = PBXBuildFile; fileRef = ECB8C8D426B54526004F7C89 /* ViewController.swift */; };
		ECB8C8D826B54526004F7C89 /* Main.storyboard in Resources */ = {isa = PBXBuildFile; fileRef = ECB8C8D626B54526004F7C89 /* Main.storyboard */; };
		ECB8C8DA26B54527004F7C89 /* Assets.xcassets in Resources */ = {isa = PBXBuildFile; fileRef = ECB8C8D926B54527004F7C89 /* Assets.xcassets */; };
		ECB8C8DD26B54527004F7C89 /* LaunchScreen.storyboard in Resources */ = {isa = PBXBuildFile; fileRef = ECB8C8DB26B54527004F7C89 /* LaunchScreen.storyboard */; };
/* End PBXBuildFile section */

/* Begin PBXFileReference section */
		68B859D665F8D251440DFC82 /* Pods-UIKit-ChartsAndGraphs.debug.xcconfig */ = {isa = PBXFileReference; includeInIndex = 1; lastKnownFileType = text.xcconfig; name = "Pods-UIKit-ChartsAndGraphs.debug.xcconfig"; path = "Target Support Files/Pods-UIKit-ChartsAndGraphs/Pods-UIKit-ChartsAndGraphs.debug.xcconfig"; sourceTree = "<group>"; };
		E8CDDC93151A8E892F58A8E8 /* libPods-UIKit-ChartsAndGraphs.a */ = {isa = PBXFileReference; explicitFileType = archive.ar; includeInIndex = 0; path = "libPods-UIKit-ChartsAndGraphs.a"; sourceTree = BUILT_PRODUCTS_DIR; };
		ECB8C8CD26B54526004F7C89 /* UIKit-ChartsAndGraphs.app */ = {isa = PBXFileReference; explicitFileType = wrapper.application; includeInIndex = 0; path = "UIKit-ChartsAndGraphs.app"; sourceTree = BUILT_PRODUCTS_DIR; };
		ECB8C8D026B54526004F7C89 /* AppDelegate.swift */ = {isa = PBXFileReference; lastKnownFileType = sourcecode.swift; path = AppDelegate.swift; sourceTree = "<group>"; };
		ECB8C8D226B54526004F7C89 /* SceneDelegate.swift */ = {isa = PBXFileReference; lastKnownFileType = sourcecode.swift; path = SceneDelegate.swift; sourceTree = "<group>"; };
		ECB8C8D426B54526004F7C89 /* ViewController.swift */ = {isa = PBXFileReference; lastKnownFileType = sourcecode.swift; path = ViewController.swift; sourceTree = "<group>"; };
		ECB8C8D726B54526004F7C89 /* Base */ = {isa = PBXFileReference; lastKnownFileType = file.storyboard; name = Base; path = Base.lproj/Main.storyboard; sourceTree = "<group>"; };
		ECB8C8D926B54527004F7C89 /* Assets.xcassets */ = {isa = PBXFileReference; lastKnownFileType = folder.assetcatalog; path = Assets.xcassets; sourceTree = "<group>"; };
		ECB8C8DC26B54527004F7C89 /* Base */ = {isa = PBXFileReference; lastKnownFileType = file.storyboard; name = Base; path = Base.lproj/LaunchScreen.storyboard; sourceTree = "<group>"; };
		ECB8C8DE26B54527004F7C89 /* Info.plist */ = {isa = PBXFileReference; lastKnownFileType = text.plist.xml; path = Info.plist; sourceTree = "<group>"; };
		FF2B423215032F24F4067FEA /* Pods-UIKit-ChartsAndGraphs.release.xcconfig */ = {isa = PBXFileReference; includeInIndex = 1; lastKnownFileType = text.xcconfig; name = "Pods-UIKit-ChartsAndGraphs.release.xcconfig"; path = "Target Support Files/Pods-UIKit-ChartsAndGraphs/Pods-UIKit-ChartsAndGraphs.release.xcconfig"; sourceTree = "<group>"; };
/* End PBXFileReference section */

/* Begin PBXFrameworksBuildPhase section */
		ECB8C8CA26B54526004F7C89 /* Frameworks */ = {
			isa = PBXFrameworksBuildPhase;
			buildActionMask = 2147483647;
			files = (
				9397BAB01A0E88D61DA8546F /* libPods-UIKit-ChartsAndGraphs.a in Frameworks */,
			);
			runOnlyForDeploymentPostprocessing = 0;
		};
/* End PBXFrameworksBuildPhase section */

/* Begin PBXGroup section */
		283D74598D6B601C846B8FCA /* Pods */ = {
			isa = PBXGroup;
			children = (
				68B859D665F8D251440DFC82 /* Pods-UIKit-ChartsAndGraphs.debug.xcconfig */,
				FF2B423215032F24F4067FEA /* Pods-UIKit-ChartsAndGraphs.release.xcconfig */,
			);
			name = Pods;
			path = Pods;
			sourceTree = "<group>";
		};
		A1E6A76184EC24031DA5AC30 /* Frameworks */ = {
			isa = PBXGroup;
			children = (
				E8CDDC93151A8E892F58A8E8 /* libPods-UIKit-ChartsAndGraphs.a */,
			);
			name = Frameworks;
			sourceTree = "<group>";
		};
		ECB8C8C426B54526004F7C89 = {
			isa = PBXGroup;
			children = (
				ECB8C8CF26B54526004F7C89 /* UIKit-ChartsAndGraphs */,
				ECB8C8CE26B54526004F7C89 /* Products */,
				283D74598D6B601C846B8FCA /* Pods */,
				A1E6A76184EC24031DA5AC30 /* Frameworks */,
			);
			sourceTree = "<group>";
		};
		ECB8C8CE26B54526004F7C89 /* Products */ = {
			isa = PBXGroup;
			children = (
				ECB8C8CD26B54526004F7C89 /* UIKit-ChartsAndGraphs.app */,
			);
			name = Products;
			sourceTree = "<group>";
		};
		ECB8C8CF26B54526004F7C89 /* UIKit-ChartsAndGraphs */ = {
			isa = PBXGroup;
			children = (
				ECB8C8D026B54526004F7C89 /* AppDelegate.swift */,
				ECB8C8D226B54526004F7C89 /* SceneDelegate.swift */,
				ECB8C8D426B54526004F7C89 /* ViewController.swift */,
				ECB8C8D626B54526004F7C89 /* Main.storyboard */,
				ECB8C8D926B54527004F7C89 /* Assets.xcassets */,
				ECB8C8DB26B54527004F7C89 /* LaunchScreen.storyboard */,
				ECB8C8DE26B54527004F7C89 /* Info.plist */,
			);
			path = "UIKit-ChartsAndGraphs";
			sourceTree = "<group>";
		};
/* End PBXGroup section */

/* Begin PBXNativeTarget section */
		ECB8C8CC26B54526004F7C89 /* UIKit-ChartsAndGraphs */ = {
			isa = PBXNativeTarget;
			buildConfigurationList = ECB8C8E126B54527004F7C89 /* Build configuration list for PBXNativeTarget "UIKit-ChartsAndGraphs" */;
			buildPhases = (
				BA9F60A96A97CB59AB35BAB9 /* [CP] Check Pods Manifest.lock */,
				ECB8C8C926B54526004F7C89 /* Sources */,
				ECB8C8CA26B54526004F7C89 /* Frameworks */,
				ECB8C8CB26B54526004F7C89 /* Resources */,
			);
			buildRules = (
			);
			dependencies = (
			);
			name = "UIKit-ChartsAndGraphs";
			productName = "UIKit-ChartsAndGraphs";
			productReference = ECB8C8CD26B54526004F7C89 /* UIKit-ChartsAndGraphs.app */;
			productType = "com.apple.product-type.application";
		};
/* End PBXNativeTarget section */

/* Begin PBXProject section */
		ECB8C8C526B54526004F7C89 /* Project object */ = {
			isa = PBXProject;
			attributes = {
				LastSwiftUpdateCheck = 1250;
				LastUpgradeCheck = 1250;
				TargetAttributes = {
					ECB8C8CC26B54526004F7C89 = {
						CreatedOnToolsVersion = 12.5.1;
					};
				};
			};
			buildConfigurationList = ECB8C8C826B54526004F7C89 /* Build configuration list for PBXProject "UIKit-ChartsAndGraphs" */;
			compatibilityVersion = "Xcode 9.3";
			developmentRegion = en;
			hasScannedForEncodings = 0;
			knownRegions = (
				en,
				Base,
			);
			mainGroup = ECB8C8C426B54526004F7C89;
			productRefGroup = ECB8C8CE26B54526004F7C89 /* Products */;
			projectDirPath = "";
			projectRoot = "";
			targets = (
				ECB8C8CC26B54526004F7C89 /* UIKit-ChartsAndGraphs */,
			);
		};
/* End PBXProject section */

/* Begin PBXResourcesBuildPhase section */
		ECB8C8CB26B54526004F7C89 /* Resources */ = {
			isa = PBXResourcesBuildPhase;
			buildActionMask = 2147483647;
			files = (
				ECB8C8DD26B54527004F7C89 /* LaunchScreen.storyboard in Resources */,
				ECB8C8DA26B54527004F7C89 /* Assets.xcassets in Resources */,
				ECB8C8D826B54526004F7C89 /* Main.storyboard in Resources */,
			);
			runOnlyForDeploymentPostprocessing = 0;
		};
/* End PBXResourcesBuildPhase section */

/* Begin PBXShellScriptBuildPhase section */
		BA9F60A96A97CB59AB35BAB9 /* [CP] Check Pods Manifest.lock */ = {
			isa = PBXShellScriptBuildPhase;
			buildActionMask = 2147483647;
			files = (
			);
			inputFileListPaths = (
			);
			inputPaths = (
				"${PODS_PODFILE_DIR_PATH}/Podfile.lock",
				"${PODS_ROOT}/Manifest.lock",
			);
			name = "[CP] Check Pods Manifest.lock";
			outputFileListPaths = (
			);
			outputPaths = (
				"$(DERIVED_FILE_DIR)/Pods-UIKit-ChartsAndGraphs-checkManifestLockResult.txt",
			);
			runOnlyForDeploymentPostprocessing = 0;
			shellPath = /bin/sh;
			shellScript = "diff \"${PODS_PODFILE_DIR_PATH}/Podfile.lock\" \"${PODS_ROOT}/Manifest.lock\" > /dev/null\nif [ $? != 0 ] ; then\n    # print error to STDERR\n    echo \"error: The sandbox is not in sync with the Podfile.lock. Run 'pod install' or update your CocoaPods installation.\" >&2\n    exit 1\nfi\n# This output is used by Xcode 'outputs' to avoid re-running this script phase.\necho \"SUCCESS\" > \"${SCRIPT_OUTPUT_FILE_0}\"\n";
			showEnvVarsInLog = 0;
		};
/* End PBXShellScriptBuildPhase section */

/* Begin PBXSourcesBuildPhase section */
		ECB8C8C926B54526004F7C89 /* Sources */ = {
			isa = PBXSourcesBuildPhase;
			buildActionMask = 2147483647;
			files = (
				ECB8C8D526B54526004F7C89 /* ViewController.swift in Sources */,
				ECB8C8D126B54526004F7C89 /* AppDelegate.swift in Sources */,
				ECB8C8D326B54526004F7C89 /* SceneDelegate.swift in Sources */,
			);
			runOnlyForDeploymentPostprocessing = 0;
		};
/* End PBXSourcesBuildPhase section */

/* Begin PBXVariantGroup section */
		ECB8C8D626B54526004F7C89 /* Main.storyboard */ = {
			isa = PBXVariantGroup;
			children = (
				ECB8C8D726B54526004F7C89 /* Base */,
			);
			name = Main.storyboard;
			sourceTree = "<group>";
		};
		ECB8C8DB26B54527004F7C89 /* LaunchScreen.storyboard */ = {
			isa = PBXVariantGroup;
			children = (
				ECB8C8DC26B54527004F7C89 /* Base */,
			);
			name = LaunchScreen.storyboard;
			sourceTree = "<group>";
		};
/* End PBXVariantGroup section */

/* Begin XCBuildConfiguration section */
		ECB8C8DF26B54527004F7C89 /* Debug */ = {
			isa = XCBuildConfiguration;
			buildSettings = {
				ALWAYS_SEARCH_USER_PATHS = NO;
				CLANG_ANALYZER_NONNULL = YES;
				CLANG_ANALYZER_NUMBER_OBJECT_CONVERSION = YES_AGGRESSIVE;
				CLANG_CXX_LANGUAGE_STANDARD = "gnu++14";
				CLANG_CXX_LIBRARY = "libc++";
				CLANG_ENABLE_MODULES = YES;
				CLANG_ENABLE_OBJC_ARC = YES;
				CLANG_ENABLE_OBJC_WEAK = YES;
				CLANG_WARN_BLOCK_CAPTURE_AUTORELEASING = YES;
				CLANG_WARN_BOOL_CONVERSION = YES;
				CLANG_WARN_COMMA = YES;
				CLANG_WARN_CONSTANT_CONVERSION = YES;
				CLANG_WARN_DEPRECATED_OBJC_IMPLEMENTATIONS = YES;
				CLANG_WARN_DIRECT_OBJC_ISA_USAGE = YES_ERROR;
				CLANG_WARN_DOCUMENTATION_COMMENTS = YES;
				CLANG_WARN_EMPTY_BODY = YES;
				CLANG_WARN_ENUM_CONVERSION = YES;
				CLANG_WARN_INFINITE_RECURSION = YES;
				CLANG_WARN_INT_CONVERSION = YES;
				CLANG_WARN_NON_LITERAL_NULL_CONVERSION = YES;
				CLANG_WARN_OBJC_IMPLICIT_RETAIN_SELF = YES;
				CLANG_WARN_OBJC_LITERAL_CONVERSION = YES;
				CLANG_WARN_OBJC_ROOT_CLASS = YES_ERROR;
				CLANG_WARN_QUOTED_INCLUDE_IN_FRAMEWORK_HEADER = YES;
				CLANG_WARN_RANGE_LOOP_ANALYSIS = YES;
				CLANG_WARN_STRICT_PROTOTYPES = YES;
				CLANG_WARN_SUSPICIOUS_MOVE = YES;
				CLANG_WARN_UNGUARDED_AVAILABILITY = YES_AGGRESSIVE;
				CLANG_WARN_UNREACHABLE_CODE = YES;
				CLANG_WARN__DUPLICATE_METHOD_MATCH = YES;
				COPY_PHASE_STRIP = NO;
				DEBUG_INFORMATION_FORMAT = dwarf;
				ENABLE_STRICT_OBJC_MSGSEND = YES;
				ENABLE_TESTABILITY = YES;
				GCC_C_LANGUAGE_STANDARD = gnu11;
				GCC_DYNAMIC_NO_PIC = NO;
				GCC_NO_COMMON_BLOCKS = YES;
				GCC_OPTIMIZATION_LEVEL = 0;
				GCC_PREPROCESSOR_DEFINITIONS = (
					"DEBUG=1",
					"$(inherited)",
				);
				GCC_WARN_64_TO_32_BIT_CONVERSION = YES;
				GCC_WARN_ABOUT_RETURN_TYPE = YES_ERROR;
				GCC_WARN_UNDECLARED_SELECTOR = YES;
				GCC_WARN_UNINITIALIZED_AUTOS = YES_AGGRESSIVE;
				GCC_WARN_UNUSED_FUNCTION = YES;
				GCC_WARN_UNUSED_VARIABLE = YES;
				IPHONEOS_DEPLOYMENT_TARGET = 14.5;
				MTL_ENABLE_DEBUG_INFO = INCLUDE_SOURCE;
				MTL_FAST_MATH = YES;
				ONLY_ACTIVE_ARCH = YES;
				SDKROOT = iphoneos;
				SWIFT_ACTIVE_COMPILATION_CONDITIONS = DEBUG;
				SWIFT_OPTIMIZATION_LEVEL = "-Onone";
			};
			name = Debug;
		};
		ECB8C8E026B54527004F7C89 /* Release */ = {
			isa = XCBuildConfiguration;
			buildSettings = {
				ALWAYS_SEARCH_USER_PATHS = NO;
				CLANG_ANALYZER_NONNULL = YES;
				CLANG_ANALYZER_NUMBER_OBJECT_CONVERSION = YES_AGGRESSIVE;
				CLANG_CXX_LANGUAGE_STANDARD = "gnu++14";
				CLANG_CXX_LIBRARY = "libc++";
				CLANG_ENABLE_MODULES = YES;
				CLANG_ENABLE_OBJC_ARC = YES;
				CLANG_ENABLE_OBJC_WEAK = YES;
				CLANG_WARN_BLOCK_CAPTURE_AUTORELEASING = YES;
				CLANG_WARN_BOOL_CONVERSION = YES;
				CLANG_WARN_COMMA = YES;
				CLANG_WARN_CONSTANT_CONVERSION = YES;
				CLANG_WARN_DEPRECATED_OBJC_IMPLEMENTATIONS = YES;
				CLANG_WARN_DIRECT_OBJC_ISA_USAGE = YES_ERROR;
				CLANG_WARN_DOCUMENTATION_COMMENTS = YES;
				CLANG_WARN_EMPTY_BODY = YES;
				CLANG_WARN_ENUM_CONVERSION = YES;
				CLANG_WARN_INFINITE_RECURSION = YES;
				CLANG_WARN_INT_CONVERSION = YES;
				CLANG_WARN_NON_LITERAL_NULL_CONVERSION = YES;
				CLANG_WARN_OBJC_IMPLICIT_RETAIN_SELF = YES;
				CLANG_WARN_OBJC_LITERAL_CONVERSION = YES;
				CLANG_WARN_OBJC_ROOT_CLASS = YES_ERROR;
				CLANG_WARN_QUOTED_INCLUDE_IN_FRAMEWORK_HEADER = YES;
				CLANG_WARN_RANGE_LOOP_ANALYSIS = YES;
				CLANG_WARN_STRICT_PROTOTYPES = YES;
				CLANG_WARN_SUSPICIOUS_MOVE = YES;
				CLANG_WARN_UNGUARDED_AVAILABILITY = YES_AGGRESSIVE;
				CLANG_WARN_UNREACHABLE_CODE = YES;
				CLANG_WARN__DUPLICATE_METHOD_MATCH = YES;
				COPY_PHASE_STRIP = NO;
				DEBUG_INFORMATION_FORMAT = "dwarf-with-dsym";
				ENABLE_NS_ASSERTIONS = NO;
				ENABLE_STRICT_OBJC_MSGSEND = YES;
				GCC_C_LANGUAGE_STANDARD = gnu11;
				GCC_NO_COMMON_BLOCKS = YES;
				GCC_WARN_64_TO_32_BIT_CONVERSION = YES;
				GCC_WARN_ABOUT_RETURN_TYPE = YES_ERROR;
				GCC_WARN_UNDECLARED_SELECTOR = YES;
				GCC_WARN_UNINITIALIZED_AUTOS = YES_AGGRESSIVE;
				GCC_WARN_UNUSED_FUNCTION = YES;
				GCC_WARN_UNUSED_VARIABLE = YES;
				IPHONEOS_DEPLOYMENT_TARGET = 14.5;
				MTL_ENABLE_DEBUG_INFO = NO;
				MTL_FAST_MATH = YES;
				SDKROOT = iphoneos;
				SWIFT_COMPILATION_MODE = wholemodule;
				SWIFT_OPTIMIZATION_LEVEL = "-O";
				VALIDATE_PRODUCT = YES;
			};
			name = Release;
		};
		ECB8C8E226B54527004F7C89 /* Debug */ = {
			isa = XCBuildConfiguration;
			baseConfigurationReference = 68B859D665F8D251440DFC82 /* Pods-UIKit-ChartsAndGraphs.debug.xcconfig */;
			buildSettings = {
				ASSETCATALOG_COMPILER_APPICON_NAME = AppIcon;
				ASSETCATALOG_COMPILER_GLOBAL_ACCENT_COLOR_NAME = AccentColor;
				CODE_SIGN_STYLE = Automatic;
				DEVELOPMENT_TEAM = 7X6CSKVAS2;
				INFOPLIST_FILE = "UIKit-ChartsAndGraphs/Info.plist";
				LD_RUNPATH_SEARCH_PATHS = (
					"$(inherited)",
					"@executable_path/Frameworks",
				);
				PRODUCT_BUNDLE_IDENTIFIER = "con.tk1.UIKit-ChartsAndGraphs";
				PRODUCT_NAME = "$(TARGET_NAME)";
				SWIFT_VERSION = 5.0;
				TARGETED_DEVICE_FAMILY = "1,2";
			};
			name = Debug;
		};
		ECB8C8E326B54527004F7C89 /* Release */ = {
			isa = XCBuildConfiguration;
			baseConfigurationReference = FF2B423215032F24F4067FEA /* Pods-UIKit-ChartsAndGraphs.release.xcconfig */;
			buildSettings = {
				ASSETCATALOG_COMPILER_APPICON_NAME = AppIcon;
				ASSETCATALOG_COMPILER_GLOBAL_ACCENT_COLOR_NAME = AccentColor;
				CODE_SIGN_STYLE = Automatic;
				DEVELOPMENT_TEAM = 7X6CSKVAS2;
				INFOPLIST_FILE = "UIKit-ChartsAndGraphs/Info.plist";
				LD_RUNPATH_SEARCH_PATHS = (
					"$(inherited)",
					"@executable_path/Frameworks",
				);
				PRODUCT_BUNDLE_IDENTIFIER = "con.tk1.UIKit-ChartsAndGraphs";
				PRODUCT_NAME = "$(TARGET_NAME)";
				SWIFT_VERSION = 5.0;
				TARGETED_DEVICE_FAMILY = "1,2";
			};
			name = Release;
		};
/* End XCBuildConfiguration section */

/* Begin XCConfigurationList section */
		ECB8C8C826B54526004F7C89 /* Build configuration list for PBXProject "UIKit-ChartsAndGraphs" */ = {
			isa = XCConfigurationList;
			buildConfigurations = (
				ECB8C8DF26B54527004F7C89 /* Debug */,
				ECB8C8E026B54527004F7C89 /* Release */,
			);
			defaultConfigurationIsVisible = 0;
			defaultConfigurationName = Release;
		};
		ECB8C8E126B54527004F7C89 /* Build configuration list for PBXNativeTarget "UIKit-ChartsAndGraphs" */ = {
			isa = XCConfigurationList;
			buildConfigurations = (
				ECB8C8E226B54527004F7C89 /* Debug */,
				ECB8C8E326B54527004F7C89 /* Release */,
			);
			defaultConfigurationIsVisible = 0;
			defaultConfigurationName = Release;
		};
/* End XCConfigurationList section */
	};
	rootObject = ECB8C8C526B54526004F7C89 /* Project object */;
}
